
Microsoft Visual Studio Solution File, Format Version 12.00
# Visual Studio Version 17
VisualStudioVersion = 17.8.34601.278
MinimumVisualStudioVersion = 10.0.40219.1
Project("{FAE04EC0-301F-11D3-BF4B-00C04F79EFBC}") = "ConsoleApp18", "ConsoleApp18\ConsoleApp18.csproj", "{CBB3D66F-91CD-4D6F-BEC8-B0FB0C9C0F50}"
EndProject
Global
	GlobalSection(SolutionConfigurationPlatforms) = preSolution
		Debug|Any CPU = Debug|Any CPU
		Release|Any CPU = Release|Any CPU
	EndGlobalSection
	GlobalSection(ProjectConfigurationPlatforms) = postSolution
		{CBB3D66F-91CD-4D6F-BEC8-B0FB0C9C0F50}.Debug|Any CPU.ActiveCfg = Debug|Any CPU
		{CBB3D66F-91CD-4D6F-BEC8-B0FB0C9C0F50}.Debug|Any CPU.Build.0 = Debug|Any CPU
		{CBB3D66F-91CD-4D6F-BEC8-B0FB0C9C0F50}.Release|Any CPU.ActiveCfg = Release|Any CPU
		{CBB3D66F-91CD-4D6F-BEC8-B0FB0C9C0F50}.Release|Any CPU.Build.0 = Release|Any CPU
	EndGlobalSection
	GlobalSection(SolutionProperties) = preSolution
		HideSolutionNode = FALSE
	EndGlobalSection
	GlobalSection(ExtensibilityGlobals) = postSolution
		SolutionGuid = {ECEA9902-6ADF-436D-A67E-6706764F9855}
	EndGlobalSection
EndGlobal
